
Microsoft Visual Studio Solution File, Format Version 12.00
# Visual Studio 15
VisualStudioVersion = 15.0.27703.2035
MinimumVisualStudioVersion = 10.0.40219.1
Project("{FAE04EC0-301F-11D3-BF4B-00C04F79EFBC}") = "poVueling", "poVueling\poVueling.csproj", "{291A45D0-41E5-4E08-99C2-C97374F6DB4F}"
EndProject
Project("{FAE04EC0-301F-11D3-BF4B-00C04F79EFBC}") = "poVueling.Integration.Tests", "poVueling.Integration.Tests\poVueling.Integration.Tests.csproj", "{ADB6CCC3-EE70-4669-A9A0-5156C8890966}"
EndProject
Project("{FAE04EC0-301F-11D3-BF4B-00C04F79EFBC}") = "poVueling.Unit.Tests", "poVueling.Unit.Tests\poVueling.Unit.Tests.csproj", "{6E57FD84-D3C0-4727-9EA9-C178510A03C5}"
EndProject
Global
	GlobalSection(SolutionConfigurationPlatforms) = preSolution
		Debug|Any CPU = Debug|Any CPU
		Release|Any CPU = Release|Any CPU
	EndGlobalSection
	GlobalSection(ProjectConfigurationPlatforms) = postSolution
		{291A45D0-41E5-4E08-99C2-C97374F6DB4F}.Debug|Any CPU.ActiveCfg = Debug|Any CPU
		{291A45D0-41E5-4E08-99C2-C97374F6DB4F}.Debug|Any CPU.Build.0 = Debug|Any CPU
		{291A45D0-41E5-4E08-99C2-C97374F6DB4F}.Release|Any CPU.ActiveCfg = Release|Any CPU
		{291A45D0-41E5-4E08-99C2-C97374F6DB4F}.Release|Any CPU.Build.0 = Release|Any CPU
		{ADB6CCC3-EE70-4669-A9A0-5156C8890966}.Debug|Any CPU.ActiveCfg = Debug|Any CPU
		{ADB6CCC3-EE70-4669-A9A0-5156C8890966}.Debug|Any CPU.Build.0 = Debug|Any CPU
		{ADB6CCC3-EE70-4669-A9A0-5156C8890966}.Release|Any CPU.ActiveCfg = Release|Any CPU
		{ADB6CCC3-EE70-4669-A9A0-5156C8890966}.Release|Any CPU.Build.0 = Release|Any CPU
		{6E57FD84-D3C0-4727-9EA9-C178510A03C5}.Debug|Any CPU.ActiveCfg = Debug|Any CPU
		{6E57FD84-D3C0-4727-9EA9-C178510A03C5}.Debug|Any CPU.Build.0 = Debug|Any CPU
		{6E57FD84-D3C0-4727-9EA9-C178510A03C5}.Release|Any CPU.ActiveCfg = Release|Any CPU
		{6E57FD84-D3C0-4727-9EA9-C178510A03C5}.Release|Any CPU.Build.0 = Release|Any CPU
	EndGlobalSection
	GlobalSection(SolutionProperties) = preSolution
		HideSolutionNode = FALSE
	EndGlobalSection
	GlobalSection(ExtensibilityGlobals) = postSolution
		SolutionGuid = {51FDCAEC-C6C9-48F9-B615-CBB96EB75EC5}
	EndGlobalSection
EndGlobal
